
Microsoft Visual Studio Solution File, Format Version 12.00
# Visual Studio 15
VisualStudioVersion = 15.0.28307.645
MinimumVisualStudioVersion = 10.0.40219.1
Project("{FAE04EC0-301F-11D3-BF4B-00C04F79EFBC}") = "0402A1Quadrate", "0402A1Quadrate\0402A1Quadrate.csproj", "{B585C04D-1034-4188-9DA3-1E9508CE840E}"
EndProject
Global
	GlobalSection(SolutionConfigurationPlatforms) = preSolution
		Debug|Any CPU = Debug|Any CPU
		Release|Any CPU = Release|Any CPU
	EndGlobalSection
	GlobalSection(ProjectConfigurationPlatforms) = postSolution
		{B585C04D-1034-4188-9DA3-1E9508CE840E}.Debug|Any CPU.ActiveCfg = Debug|Any CPU
		{B585C04D-1034-4188-9DA3-1E9508CE840E}.Debug|Any CPU.Build.0 = Debug|Any CPU
		{B585C04D-1034-4188-9DA3-1E9508CE840E}.Release|Any CPU.ActiveCfg = Release|Any CPU
		{B585C04D-1034-4188-9DA3-1E9508CE840E}.Release|Any CPU.Build.0 = Release|Any CPU
	EndGlobalSection
	GlobalSection(SolutionProperties) = preSolution
		HideSolutionNode = FALSE
	EndGlobalSection
	GlobalSection(ExtensibilityGlobals) = postSolution
		SolutionGuid = {668A078B-2CD1-4243-BFBF-9CF192CF55A5}
	EndGlobalSection
EndGlobal
